
Microsoft Visual Studio Solution File, Format Version 12.00
# Visual Studio Version 17
VisualStudioVersion = 17.6.33723.286
MinimumVisualStudioVersion = 10.0.40219.1
Project("{9A19103F-16F7-4668-BE54-9A1E7A4F7556}") = "HackingProjekt", "HackingProjekt\HackingProjekt.csproj", "{EF94F998-ADA7-4388-9A6D-EADA73F542A5}"
EndProject
Global
	GlobalSection(SolutionConfigurationPlatforms) = preSolution
		Debug|Any CPU = Debug|Any CPU
		Release|Any CPU = Release|Any CPU
	EndGlobalSection
	GlobalSection(ProjectConfigurationPlatforms) = postSolution
		{EF94F998-ADA7-4388-9A6D-EADA73F542A5}.Debug|Any CPU.ActiveCfg = Debug|Any CPU
		{EF94F998-ADA7-4388-9A6D-EADA73F542A5}.Debug|Any CPU.Build.0 = Debug|Any CPU
		{EF94F998-ADA7-4388-9A6D-EADA73F542A5}.Release|Any CPU.ActiveCfg = Release|Any CPU
		{EF94F998-ADA7-4388-9A6D-EADA73F542A5}.Release|Any CPU.Build.0 = Release|Any CPU
	EndGlobalSection
	GlobalSection(SolutionProperties) = preSolution
		HideSolutionNode = FALSE
	EndGlobalSection
	GlobalSection(ExtensibilityGlobals) = postSolution
		SolutionGuid = {8EA2AD49-43E4-4A4B-8609-3085BEE269FD}
	EndGlobalSection
EndGlobal
